// !$*UTF8*$!
{
	archiveVersion = 1;
	classes = {
	};
	objectVersion = 46;
	objects = {

/* Begin PBXBuildFile section */
		801261DA1A615373001E8618 /* AppDelegate.swift in Sources */ = {isa = PBXBuildFile; fileRef = 801261D91A615373001E8618 /* AppDelegate.swift */; };
		801261DC1A615373001E8618 /* ViewController.swift in Sources */ = {isa = PBXBuildFile; fileRef = 801261DB1A615373001E8618 /* ViewController.swift */; };
		801261DF1A615373001E8618 /* Main.storyboard in Resources */ = {isa = PBXBuildFile; fileRef = 801261DD1A615373001E8618 /* Main.storyboard */; };
		801261E11A615373001E8618 /* Images.xcassets in Resources */ = {isa = PBXBuildFile; fileRef = 801261E01A615373001E8618 /* Images.xcassets */; };
		801261E41A615373001E8618 /* LaunchScreen.xib in Resources */ = {isa = PBXBuildFile; fileRef = 801261E21A615373001E8618 /* LaunchScreen.xib */; };
		801261F01A615373001E8618 /* WitAITests.swift in Sources */ = {isa = PBXBuildFile; fileRef = 801261EF1A615373001E8618 /* WitAITests.swift */; };
/* End PBXBuildFile section */

/* Begin PBXContainerItemProxy section */
		801261EA1A615373001E8618 /* PBXContainerItemProxy */ = {
			isa = PBXContainerItemProxy;
			containerPortal = 801261CC1A615373001E8618 /* Project object */;
			proxyType = 1;
			remoteGlobalIDString = 801261D31A615373001E8618;
			remoteInfo = WitAI;
		};
/* End PBXContainerItemProxy section */

/* Begin PBXFileReference section */
		801261D41A615373001E8618 /* WitAI.app */ = {isa = PBXFileReference; explicitFileType = wrapper.application; includeInIndex = 0; path = WitAI.app; sourceTree = BUILT_PRODUCTS_DIR; };
		801261D81A615373001E8618 /* Info.plist */ = {isa = PBXFileReference; lastKnownFileType = text.plist.xml; path = Info.plist; sourceTree = "<group>"; };
		801261D91A615373001E8618 /* AppDelegate.swift */ = {isa = PBXFileReference; lastKnownFileType = sourcecode.swift; path = AppDelegate.swift; sourceTree = "<group>"; };
		801261DB1A615373001E8618 /* ViewController.swift */ = {isa = PBXFileReference; lastKnownFileType = sourcecode.swift; path = ViewController.swift; sourceTree = "<group>"; };
		801261DE1A615373001E8618 /* Base */ = {isa = PBXFileReference; lastKnownFileType = file.storyboard; name = Base; path = Base.lproj/Main.storyboard; sourceTree = "<group>"; };
		801261E01A615373001E8618 /* Images.xcassets */ = {isa = PBXFileReference; lastKnownFileType = folder.assetcatalog; path = Images.xcassets; sourceTree = "<group>"; };
		801261E31A615373001E8618 /* Base */ = {isa = PBXFileReference; lastKnownFileType = file.xib; name = Base; path = Base.lproj/LaunchScreen.xib; sourceTree = "<group>"; };
		801261E91A615373001E8618 /* WitAITests.xctest */ = {isa = PBXFileReference; explicitFileType = wrapper.cfbundle; includeInIndex = 0; path = WitAITests.xctest; sourceTree = BUILT_PRODUCTS_DIR; };
		801261EE1A615373001E8618 /* Info.plist */ = {isa = PBXFileReference; lastKnownFileType = text.plist.xml; path = Info.plist; sourceTree = "<group>"; };
		801261EF1A615373001E8618 /* WitAITests.swift */ = {isa = PBXFileReference; lastKnownFileType = sourcecode.swift; path = WitAITests.swift; sourceTree = "<group>"; };
/* End PBXFileReference section */

/* Begin PBXFrameworksBuildPhase section */
		801261D11A615373001E8618 /* Frameworks */ = {
			isa = PBXFrameworksBuildPhase;
			buildActionMask = 2147483647;
			files = (
			);
			runOnlyForDeploymentPostprocessing = 0;
		};
		801261E61A615373001E8618 /* Frameworks */ = {
			isa = PBXFrameworksBuildPhase;
			buildActionMask = 2147483647;
			files = (
			);
			runOnlyForDeploymentPostprocessing = 0;
		};
/* End PBXFrameworksBuildPhase section */

/* Begin PBXGroup section */
		801261CB1A615373001E8618 = {
			isa = PBXGroup;
			children = (
				801261D61A615373001E8618 /* WitAI */,
				801261EC1A615373001E8618 /* WitAITests */,
				801261D51A615373001E8618 /* Products */,
			);
			sourceTree = "<group>";
		};
		801261D51A615373001E8618 /* Products */ = {
			isa = PBXGroup;
			children = (
				801261D41A615373001E8618 /* WitAI.app */,
				801261E91A615373001E8618 /* WitAITests.xctest */,
			);
			name = Products;
			sourceTree = "<group>";
		};
		801261D61A615373001E8618 /* WitAI */ = {
			isa = PBXGroup;
			children = (
				801261D91A615373001E8618 /* AppDelegate.swift */,
				801261DB1A615373001E8618 /* ViewController.swift */,
				801261DD1A615373001E8618 /* Main.storyboard */,
				801261E01A615373001E8618 /* Images.xcassets */,
				801261E21A615373001E8618 /* LaunchScreen.xib */,
				801261D71A615373001E8618 /* Supporting Files */,
			);
			path = WitAI;
			sourceTree = "<group>";
		};
		801261D71A615373001E8618 /* Supporting Files */ = {
			isa = PBXGroup;
			children = (
				801261D81A615373001E8618 /* Info.plist */,
			);
			name = "Supporting Files";
			sourceTree = "<group>";
		};
		801261EC1A615373001E8618 /* WitAITests */ = {
			isa = PBXGroup;
			children = (
				801261EF1A615373001E8618 /* WitAITests.swift */,
				801261ED1A615373001E8618 /* Supporting Files */,
			);
			path = WitAITests;
			sourceTree = "<group>";
		};
		801261ED1A615373001E8618 /* Supporting Files */ = {
			isa = PBXGroup;
			children = (
				801261EE1A615373001E8618 /* Info.plist */,
			);
			name = "Supporting Files";
			sourceTree = "<group>";
		};
/* End PBXGroup section */

/* Begin PBXNativeTarget section */
		801261D31A615373001E8618 /* WitAI */ = {
			isa = PBXNativeTarget;
			buildConfigurationList = 801261F31A615373001E8618 /* Build configuration list for PBXNativeTarget "WitAI" */;
			buildPhases = (
				801261D01A615373001E8618 /* Sources */,
				801261D11A615373001E8618 /* Frameworks */,
				801261D21A615373001E8618 /* Resources */,
			);
			buildRules = (
			);
			dependencies = (
			);
			name = WitAI;
			productName = WitAI;
			productReference = 801261D41A615373001E8618 /* WitAI.app */;
			productType = "com.apple.product-type.application";
		};
		801261E81A615373001E8618 /* WitAITests */ = {
			isa = PBXNativeTarget;
			buildConfigurationList = 801261F61A615373001E8618 /* Build configuration list for PBXNativeTarget "WitAITests" */;
			buildPhases = (
				801261E51A615373001E8618 /* Sources */,
				801261E61A615373001E8618 /* Frameworks */,
				801261E71A615373001E8618 /* Resources */,
			);
			buildRules = (
			);
			dependencies = (
				801261EB1A615373001E8618 /* PBXTargetDependency */,
			);
			name = WitAITests;
			productName = WitAITests;
			productReference = 801261E91A615373001E8618 /* WitAITests.xctest */;
			productType = "com.apple.product-type.bundle.unit-test";
		};
/* End PBXNativeTarget section */

/* Begin PBXProject section */
		801261CC1A615373001E8618 /* Project object */ = {
			isa = PBXProject;
			attributes = {
				LastUpgradeCheck = 0620;
				ORGANIZATIONNAME = "Aaron Abentheuer";
				TargetAttributes = {
					801261D31A615373001E8618 = {
						CreatedOnToolsVersion = 6.2;
					};
					801261E81A615373001E8618 = {
						CreatedOnToolsVersion = 6.2;
						TestTargetID = 801261D31A615373001E8618;
					};
				};
			};
			buildConfigurationList = 801261CF1A615373001E8618 /* Build configuration list for PBXProject "WitAI" */;
			compatibilityVersion = "Xcode 3.2";
			developmentRegion = English;
			hasScannedForEncodings = 0;
			knownRegions = (
				en,
				Base,
			);
			mainGroup = 801261CB1A615373001E8618;
			productRefGroup = 801261D51A615373001E8618 /* Products */;
			projectDirPath = "";
			projectRoot = "";
			targets = (
				801261D31A615373001E8618 /* WitAI */,
				801261E81A615373001E8618 /* WitAITests */,
			);
		};
/* End PBXProject section */

/* Begin PBXResourcesBuildPhase section */
		801261D21A615373001E8618 /* Resources */ = {
			isa = PBXResourcesBuildPhase;
			buildActionMask = 2147483647;
			files = (
				801261DF1A615373001E8618 /* Main.storyboard in Resources */,
				801261E41A615373001E8618 /* LaunchScreen.xib in Resources */,
				801261E11A615373001E8618 /* Images.xcassets in Resources */,
			);
			runOnlyForDeploymentPostprocessing = 0;
		};
		801261E71A615373001E8618 /* Resources */ = {
			isa = PBXResourcesBuildPhase;
			buildActionMask = 2147483647;
			files = (
			);
			runOnlyForDeploymentPostprocessing = 0;
		};
/* End PBXResourcesBuildPhase section */

/* Begin PBXSourcesBuildPhase section */
		801261D01A615373001E8618 /* Sources */ = {
			isa = PBXSourcesBuildPhase;
			buildActionMask = 2147483647;
			files = (
				801261DC1A615373001E8618 /* ViewController.swift in Sources */,
				801261DA1A615373001E8618 /* AppDelegate.swift in Sources */,
			);
			runOnlyForDeploymentPostprocessing = 0;
		};
		801261E51A615373001E8618 /* Sources */ = {
			isa = PBXSourcesBuildPhase;
			buildActionMask = 2147483647;
			files = (
				801261F01A615373001E8618 /* WitAITests.swift in Sources */,
			);
			runOnlyForDeploymentPostprocessing = 0;
		};
/* End PBXSourcesBuildPhase section */

/* Begin PBXTargetDependency section */
		801261EB1A615373001E8618 /* PBXTargetDependency */ = {
			isa = PBXTargetDependency;
			target = 801261D31A615373001E8618 /* WitAI */;
			targetProxy = 801261EA1A615373001E8618 /* PBXContainerItemProxy */;
		};
/* End PBXTargetDependency section */

/* Begin PBXVariantGroup section */
		801261DD1A615373001E8618 /* Main.storyboard */ = {
			isa = PBXVariantGroup;
			children = (
				801261DE1A615373001E8618 /* Base */,
			);
			name = Main.storyboard;
			sourceTree = "<group>";
		};
		801261E21A615373001E8618 /* LaunchScreen.xib */ = {
			isa = PBXVariantGroup;
			children = (
				801261E31A615373001E8618 /* Base */,
			);
			name = LaunchScreen.xib;
			sourceTree = "<group>";
		};
/* End PBXVariantGroup section */

/* Begin XCBuildConfiguration section */
		801261F11A615373001E8618 /* Debug */ = {
			isa = XCBuildConfiguration;
			buildSettings = {
				ALWAYS_SEARCH_USER_PATHS = NO;
				CLANG_CXX_LANGUAGE_STANDARD = "gnu++0x";
				CLANG_CXX_LIBRARY = "libc++";
				CLANG_ENABLE_MODULES = YES;
				CLANG_ENABLE_OBJC_ARC = YES;
				CLANG_WARN_BOOL_CONVERSION = YES;
				CLANG_WARN_CONSTANT_CONVERSION = YES;
				CLANG_WARN_DIRECT_OBJC_ISA_USAGE = YES_ERROR;
				CLANG_WARN_EMPTY_BODY = YES;
				CLANG_WARN_ENUM_CONVERSION = YES;
				CLANG_WARN_INT_CONVERSION = YES;
				CLANG_WARN_OBJC_ROOT_CLASS = YES_ERROR;
				CLANG_WARN_UNREACHABLE_CODE = YES;
				CLANG_WARN__DUPLICATE_METHOD_MATCH = YES;
				"CODE_SIGN_IDENTITY[sdk=iphoneos*]" = "iPhone Developer";
				COPY_PHASE_STRIP = NO;
				ENABLE_STRICT_OBJC_MSGSEND = YES;
				GCC_C_LANGUAGE_STANDARD = gnu99;
				GCC_DYNAMIC_NO_PIC = NO;
				GCC_OPTIMIZATION_LEVEL = 0;
				GCC_PREPROCESSOR_DEFINITIONS = (
					"DEBUG=1",
					"$(inherited)",
				);
				GCC_SYMBOLS_PRIVATE_EXTERN = NO;
				GCC_WARN_64_TO_32_BIT_CONVERSION = YES;
				GCC_WARN_ABOUT_RETURN_TYPE = YES_ERROR;
				GCC_WARN_UNDECLARED_SELECTOR = YES;
				GCC_WARN_UNINITIALIZED_AUTOS = YES_AGGRESSIVE;
				GCC_WARN_UNUSED_FUNCTION = YES;
				GCC_WARN_UNUSED_VARIABLE = YES;
				IPHONEOS_DEPLOYMENT_TARGET = 8.2;
				MTL_ENABLE_DEBUG_INFO = YES;
				ONLY_ACTIVE_ARCH = YES;
				SDKROOT = iphoneos;
				SWIFT_OPTIMIZATION_LEVEL = "-Onone";
				TARGETED_DEVICE_FAMILY = "1,2";
			};
			name = Debug;
		};
		801261F21A615373001E8618 /* Release */ = {
			isa = XCBuildConfiguration;
			buildSettings = {
				ALWAYS_SEARCH_USER_PATHS = NO;
				CLANG_CXX_LANGUAGE_STANDARD = "gnu++0x";
				CLANG_CXX_LIBRARY = "libc++";
				CLANG_ENABLE_MODULES = YES;
				CLANG_ENABLE_OBJC_ARC = YES;
				CLANG_WARN_BOOL_CONVERSION = YES;
				CLANG_WARN_CONSTANT_CONVERSION = YES;
				CLANG_WARN_DIRECT_OBJC_ISA_USAGE = YES_ERROR;
				CLANG_WARN_EMPTY_BODY = YES;
				CLANG_WARN_ENUM_CONVERSION = YES;
				CLANG_WARN_INT_CONVERSION = YES;
				CLANG_WARN_OBJC_ROOT_CLASS = YES_ERROR;
				CLANG_WARN_UNREACHABLE_CODE = YES;
				CLANG_WARN__DUPLICATE_METHOD_MATCH = YES;
				"CODE_SIGN_IDENTITY[sdk=iphoneos*]" = "iPhone Developer";
				COPY_PHASE_STRIP = YES;
				ENABLE_NS_ASSERTIONS = NO;
				ENABLE_STRICT_OBJC_MSGSEND = YES;
				GCC_C_LANGUAGE_STANDARD = gnu99;
				GCC_WARN_64_TO_32_BIT_CONVERSION = YES;
				GCC_WARN_ABOUT_RETURN_TYPE = YES_ERROR;
				GCC_WARN_UNDECLARED_SELECTOR = YES;
				GCC_WARN_UNINITIALIZED_AUTOS = YES_AGGRESSIVE;
				GCC_WARN_UNUSED_FUNCTION = YES;
				GCC_WARN_UNUSED_VARIABLE = YES;
				IPHONEOS_DEPLOYMENT_TARGET = 8.2;
				MTL_ENABLE_DEBUG_INFO = NO;
				SDKROOT = iphoneos;
				TARGETED_DEVICE_FAMILY = "1,2";
				VALIDATE_PRODUCT = YES;
			};
			name = Release;
		};
		801261F41A615373001E8618 /* Debug */ = {
			isa = XCBuildConfiguration;
			buildSettings = {
				ASSETCATALOG_COMPILER_APPICON_NAME = AppIcon;
				INFOPLIST_FILE = WitAI/Info.plist;
				LD_RUNPATH_SEARCH_PATHS = "$(inherited) @executable_path/Frameworks";
				PRODUCT_NAME = "$(TARGET_NAME)";
			};
			name = Debug;
		};
		801261F51A615373001E8618 /* Release */ = {
			isa = XCBuildConfiguration;
			buildSettings = {
				ASSETCATALOG_COMPILER_APPICON_NAME = AppIcon;
				INFOPLIST_FILE = WitAI/Info.plist;
				LD_RUNPATH_SEARCH_PATHS = "$(inherited) @executable_path/Frameworks";
				PRODUCT_NAME = "$(TARGET_NAME)";
			};
			name = Release;
		};
		801261F71A615373001E8618 /* Debug */ = {
			isa = XCBuildConfiguration;
			buildSettings = {
				BUNDLE_LOADER = "$(TEST_HOST)";
				FRAMEWORK_SEARCH_PATHS = (
					"$(SDKROOT)/Developer/Library/Frameworks",
					"$(inherited)",
				);
				GCC_PREPROCESSOR_DEFINITIONS = (
					"DEBUG=1",
					"$(inherited)",
				);
				INFOPLIST_FILE = WitAITests/Info.plist;
				LD_RUNPATH_SEARCH_PATHS = "$(inherited) @executable_path/Frameworks @loader_path/Frameworks";
				PRODUCT_NAME = "$(TARGET_NAME)";
				TEST_HOST = "$(BUILT_PRODUCTS_DIR)/WitAI.app/WitAI";
			};
			name = Debug;
		};
		801261F81A615373001E8618 /* Release */ = {
			isa = XCBuildConfiguration;
			buildSettings = {
				BUNDLE_LOADER = "$(TEST_HOST)";
				FRAMEWORK_SEARCH_PATHS = (
					"$(SDKROOT)/Developer/Library/Frameworks",
					"$(inherited)",
				);
				INFOPLIST_FILE = WitAITests/Info.plist;
				LD_RUNPATH_SEARCH_PATHS = "$(inherited) @executable_path/Frameworks @loader_path/Frameworks";
				PRODUCT_NAME = "$(TARGET_NAME)";
				TEST_HOST = "$(BUILT_PRODUCTS_DIR)/WitAI.app/WitAI";
			};
			name = Release;
		};
/* End XCBuildConfiguration section */

/* Begin XCConfigurationList section */
		801261CF1A615373001E8618 /* Build configuration list for PBXProject "WitAI" */ = {
			isa = XCConfigurationList;
			buildConfigurations = (
				801261F11A615373001E8618 /* Debug */,
				801261F21A615373001E8618 /* Release */,
			);
			defaultConfigurationIsVisible = 0;
			defaultConfigurationName = Release;
		};
		801261F31A615373001E8618 /* Build configuration list for PBXNativeTarget "WitAI" */ = {
			isa = XCConfigurationList;
			buildConfigurations = (
				801261F41A615373001E8618 /* Debug */,
				801261F51A615373001E8618 /* Release */,
			);
			defaultConfigurationIsVisible = 0;
		};
		801261F61A615373001E8618 /* Build configuration list for PBXNativeTarget "WitAITests" */ = {
			isa = XCConfigurationList;
			buildConfigurations = (
				801261F71A615373001E8618 /* Debug */,
				801261F81A615373001E8618 /* Release */,
			);
			defaultConfigurationIsVisible = 0;
		};
/* End XCConfigurationList section */
	};
	rootObject = 801261CC1A615373001E8618 /* Project object */;
}
